
Microsoft Visual Studio Solution File, Format Version 12.00
# Visual Studio Version 16
VisualStudioVersion = 16.0.31729.503
MinimumVisualStudioVersion = 10.0.40219.1
Project("{FAE04EC0-301F-11D3-BF4B-00C04F79EFBC}") = "ChainOfResponsibility_Tasarim_Deseni", "ChainOfResponsibility_Tasarim_Deseni\ChainOfResponsibility_Tasarim_Deseni.csproj", "{1EFB036E-391D-47A5-BA0B-1E3A13AC9164}"
EndProject
Global
	GlobalSection(SolutionConfigurationPlatforms) = preSolution
		Debug|Any CPU = Debug|Any CPU
		Release|Any CPU = Release|Any CPU
	EndGlobalSection
	GlobalSection(ProjectConfigurationPlatforms) = postSolution
		{1EFB036E-391D-47A5-BA0B-1E3A13AC9164}.Debug|Any CPU.ActiveCfg = Debug|Any CPU
		{1EFB036E-391D-47A5-BA0B-1E3A13AC9164}.Debug|Any CPU.Build.0 = Debug|Any CPU
		{1EFB036E-391D-47A5-BA0B-1E3A13AC9164}.Release|Any CPU.ActiveCfg = Release|Any CPU
		{1EFB036E-391D-47A5-BA0B-1E3A13AC9164}.Release|Any CPU.Build.0 = Release|Any CPU
	EndGlobalSection
	GlobalSection(SolutionProperties) = preSolution
		HideSolutionNode = FALSE
	EndGlobalSection
	GlobalSection(ExtensibilityGlobals) = postSolution
		SolutionGuid = {83EAED22-1959-4676-969D-DDBC40825EF9}
	EndGlobalSection
EndGlobal
