
Microsoft Visual Studio Solution File, Format Version 12.00
# Visual Studio Version 16
VisualStudioVersion = 16.0.31729.503
MinimumVisualStudioVersion = 10.0.40219.1
Project("{FAE04EC0-301F-11D3-BF4B-00C04F79EFBC}") = "Adapter_Tasarım_Deseni", "Adapter_Tasarım_Deseni\Adapter_Tasarım_Deseni.csproj", "{2E3B5445-3263-48BB-ADB8-58FE4093906B}"
EndProject
Global
	GlobalSection(SolutionConfigurationPlatforms) = preSolution
		Debug|Any CPU = Debug|Any CPU
		Release|Any CPU = Release|Any CPU
	EndGlobalSection
	GlobalSection(ProjectConfigurationPlatforms) = postSolution
		{2E3B5445-3263-48BB-ADB8-58FE4093906B}.Debug|Any CPU.ActiveCfg = Debug|Any CPU
		{2E3B5445-3263-48BB-ADB8-58FE4093906B}.Debug|Any CPU.Build.0 = Debug|Any CPU
		{2E3B5445-3263-48BB-ADB8-58FE4093906B}.Release|Any CPU.ActiveCfg = Release|Any CPU
		{2E3B5445-3263-48BB-ADB8-58FE4093906B}.Release|Any CPU.Build.0 = Release|Any CPU
	EndGlobalSection
	GlobalSection(SolutionProperties) = preSolution
		HideSolutionNode = FALSE
	EndGlobalSection
	GlobalSection(ExtensibilityGlobals) = postSolution
		SolutionGuid = {00E3F6AB-E37C-4904-85CB-F1CB4D5863EC}
	EndGlobalSection
EndGlobal
