
Microsoft Visual Studio Solution File, Format Version 12.00
# Visual Studio Version 16
VisualStudioVersion = 16.0.31729.503
MinimumVisualStudioVersion = 10.0.40219.1
Project("{FAE04EC0-301F-11D3-BF4B-00C04F79EFBC}") = "Ehm4_GoruntuIsleme_Proje", "Ehm4_GoruntuIsleme_Proje\Ehm4_GoruntuIsleme_Proje.csproj", "{62AFA8C8-232E-473E-9B31-4D8CBC790B57}"
EndProject
Global
	GlobalSection(SolutionConfigurationPlatforms) = preSolution
		Debug|Any CPU = Debug|Any CPU
		Release|Any CPU = Release|Any CPU
	EndGlobalSection
	GlobalSection(ProjectConfigurationPlatforms) = postSolution
		{62AFA8C8-232E-473E-9B31-4D8CBC790B57}.Debug|Any CPU.ActiveCfg = Debug|Any CPU
		{62AFA8C8-232E-473E-9B31-4D8CBC790B57}.Debug|Any CPU.Build.0 = Debug|Any CPU
		{62AFA8C8-232E-473E-9B31-4D8CBC790B57}.Release|Any CPU.ActiveCfg = Release|Any CPU
		{62AFA8C8-232E-473E-9B31-4D8CBC790B57}.Release|Any CPU.Build.0 = Release|Any CPU
	EndGlobalSection
	GlobalSection(SolutionProperties) = preSolution
		HideSolutionNode = FALSE
	EndGlobalSection
	GlobalSection(ExtensibilityGlobals) = postSolution
		SolutionGuid = {1275AE02-9D3A-41C5-8684-FB6AC70F3CD8}
	EndGlobalSection
EndGlobal
