
Microsoft Visual Studio Solution File, Format Version 12.00
# Visual Studio Version 16
VisualStudioVersion = 16.0.31729.503
MinimumVisualStudioVersion = 10.0.40219.1
Project("{FAE04EC0-301F-11D3-BF4B-00C04F79EFBC}") = "Bridge Tasarım Deseni", "Bridge Tasarım Deseni\Bridge Tasarım Deseni.csproj", "{3484AC02-FC64-4D40-8FD6-1B4F0EB7CC28}"
EndProject
Global
	GlobalSection(SolutionConfigurationPlatforms) = preSolution
		Debug|Any CPU = Debug|Any CPU
		Release|Any CPU = Release|Any CPU
	EndGlobalSection
	GlobalSection(ProjectConfigurationPlatforms) = postSolution
		{3484AC02-FC64-4D40-8FD6-1B4F0EB7CC28}.Debug|Any CPU.ActiveCfg = Debug|Any CPU
		{3484AC02-FC64-4D40-8FD6-1B4F0EB7CC28}.Debug|Any CPU.Build.0 = Debug|Any CPU
		{3484AC02-FC64-4D40-8FD6-1B4F0EB7CC28}.Release|Any CPU.ActiveCfg = Release|Any CPU
		{3484AC02-FC64-4D40-8FD6-1B4F0EB7CC28}.Release|Any CPU.Build.0 = Release|Any CPU
	EndGlobalSection
	GlobalSection(SolutionProperties) = preSolution
		HideSolutionNode = FALSE
	EndGlobalSection
	GlobalSection(ExtensibilityGlobals) = postSolution
		SolutionGuid = {1ED77485-37D7-4022-BB69-60C307D0B1D3}
	EndGlobalSection
EndGlobal
